
Microsoft Visual Studio Solution File, Format Version 12.00
# Visual Studio Version 17
VisualStudioVersion = 17.2.32616.157
MinimumVisualStudioVersion = 10.0.40219.1
Project("{FAE04EC0-301F-11D3-BF4B-00C04F79EFBC}") = "spaceships", "spaceships\spaceships.csproj", "{28F729B5-C30F-44E7-8532-7C88F2266766}"
EndProject
Global
	GlobalSection(SolutionConfigurationPlatforms) = preSolution
		Debug|Any CPU = Debug|Any CPU
		Release|Any CPU = Release|Any CPU
	EndGlobalSection
	GlobalSection(ProjectConfigurationPlatforms) = postSolution
		{28F729B5-C30F-44E7-8532-7C88F2266766}.Debug|Any CPU.ActiveCfg = Debug|Any CPU
		{28F729B5-C30F-44E7-8532-7C88F2266766}.Debug|Any CPU.Build.0 = Debug|Any CPU
		{28F729B5-C30F-44E7-8532-7C88F2266766}.Release|Any CPU.ActiveCfg = Release|Any CPU
		{28F729B5-C30F-44E7-8532-7C88F2266766}.Release|Any CPU.Build.0 = Release|Any CPU
	EndGlobalSection
	GlobalSection(SolutionProperties) = preSolution
		HideSolutionNode = FALSE
	EndGlobalSection
	GlobalSection(ExtensibilityGlobals) = postSolution
		SolutionGuid = {D205AE56-5C09-4100-ADC2-F8CABBDC2452}
	EndGlobalSection
EndGlobal
